
Microsoft Visual Studio Solution File, Format Version 12.00
# Visual Studio Version 16
VisualStudioVersion = 16.0.30011.22
MinimumVisualStudioVersion = 10.0.40219.1
Project("{FAE04EC0-301F-11D3-BF4B-00C04F79EFBC}") = "HomeWork4", "HomeWork4\HomeWork4.csproj", "{90494D1B-EA84-4512-AD5D-83614ECF3988}"
EndProject
Global
	GlobalSection(SolutionConfigurationPlatforms) = preSolution
		Debug|Any CPU = Debug|Any CPU
		Release|Any CPU = Release|Any CPU
	EndGlobalSection
	GlobalSection(ProjectConfigurationPlatforms) = postSolution
		{90494D1B-EA84-4512-AD5D-83614ECF3988}.Debug|Any CPU.ActiveCfg = Debug|Any CPU
		{90494D1B-EA84-4512-AD5D-83614ECF3988}.Debug|Any CPU.Build.0 = Debug|Any CPU
		{90494D1B-EA84-4512-AD5D-83614ECF3988}.Release|Any CPU.ActiveCfg = Release|Any CPU
		{90494D1B-EA84-4512-AD5D-83614ECF3988}.Release|Any CPU.Build.0 = Release|Any CPU
	EndGlobalSection
	GlobalSection(SolutionProperties) = preSolution
		HideSolutionNode = FALSE
	EndGlobalSection
	GlobalSection(ExtensibilityGlobals) = postSolution
		SolutionGuid = {335C3E32-7951-465B-8CAE-2D2A350FBAEB}
	EndGlobalSection
EndGlobal
